# This file is automatically @generated by Cargo.
# It is not intended for manual editing.
version = 3

[[package]]
name = "c-enum"
version = "0.2.2"
source = "registry+https://github.com/rust-lang/crates.io-index"
checksum = "8883dee7de1e38357323d49767550c9fd64fa5c60ae22f6b01ab2c5edcd1bf9e"

[[package]]
name = "cc"
version = "1.0.83"
source = "registry+https://github.com/rust-lang/crates.io-index"
checksum = "f1174fb0b6ec23863f8b971027804a42614e347eafb0a95bf0b12cdae21fc4d0"
dependencies = [
 "libc",
]

[[package]]
name = "libc"
version = "0.2.153"
source = "registry+https://github.com/rust-lang/crates.io-index"
checksum = "9c198f91728a82281a64e1f4f9eeb25d82cb32a5de251c6bd1b5154d63a8e7bd"

[[package]]
name = "target-lexicon"
version = "0.12.13"
source = "registry+https://github.com/rust-lang/crates.io-index"
checksum = "69758bda2e78f098e4ccb393021a0963bb3442eac05f135c30f61b7370bbafae"

[[package]]
name = "xed"
version = "0.1.0"
dependencies = [
 "c-enum",
 "xed-sys",
]

[[package]]
name = "xed-sys"
version = "0.5.0+xed-2023.12.19"
source = "registry+https://github.com/rust-lang/crates.io-index"
checksum = "4c2fcfac7163a20c4a4c2112f4493cd41aa574de12cac78b2f50c9f2faeb077d"
dependencies = [
 "cc",
 "target-lexicon",
]
